
Microsoft Visual Studio Solution File, Format Version 12.00
# Visual Studio Version 17
VisualStudioVersion = 17.11.35303.130
MinimumVisualStudioVersion = 10.0.40219.1
Project("{FAE04EC0-301F-11D3-BF4B-00C04F79EFBC}") = "IELauncher", "IELauncher\IELauncher.csproj", "{21C41B73-D8D2-4329-BD0E-7F7FE03298C5}"
EndProject
Global
	GlobalSection(SolutionConfigurationPlatforms) = preSolution
		Debug|Any CPU = Debug|Any CPU
		Release|Any CPU = Release|Any CPU
	EndGlobalSection
	GlobalSection(ProjectConfigurationPlatforms) = postSolution
		{21C41B73-D8D2-4329-BD0E-7F7FE03298C5}.Debug|Any CPU.ActiveCfg = Debug|Any CPU
		{21C41B73-D8D2-4329-BD0E-7F7FE03298C5}.Debug|Any CPU.Build.0 = Debug|Any CPU
		{21C41B73-D8D2-4329-BD0E-7F7FE03298C5}.Release|Any CPU.ActiveCfg = Release|Any CPU
		{21C41B73-D8D2-4329-BD0E-7F7FE03298C5}.Release|Any CPU.Build.0 = Release|Any CPU
	EndGlobalSection
	GlobalSection(SolutionProperties) = preSolution
		HideSolutionNode = FALSE
	EndGlobalSection
	GlobalSection(ExtensibilityGlobals) = postSolution
		SolutionGuid = {C2484431-8EE0-420E-84B5-6A6B01CF696A}
	EndGlobalSection
EndGlobal
